
Microsoft Visual Studio Solution File, Format Version 12.00
# Visual Studio Version 17
VisualStudioVersion = 17.13.35806.99 d17.13
MinimumVisualStudioVersion = 10.0.40219.1
Project("{FAE04EC0-301F-11D3-BF4B-00C04F79EFBC}") = "09_DatabaseProject", "09_DatabaseProject\09_DatabaseProject.csproj", "{8F340DF3-2096-4FE5-8F4C-5CBCBFCBC7E2}"
EndProject
Project("{FAE04EC0-301F-11D3-BF4B-00C04F79EFBC}") = "10_DatabaseCrud", "10_DatabaseCrud\10_DatabaseCrud.csproj", "{68A8AF7F-107D-4F9F-A5FB-1D6DA42F3336}"
EndProject
Global
	GlobalSection(SolutionConfigurationPlatforms) = preSolution
		Debug|Any CPU = Debug|Any CPU
		Release|Any CPU = Release|Any CPU
	EndGlobalSection
	GlobalSection(ProjectConfigurationPlatforms) = postSolution
		{8F340DF3-2096-4FE5-8F4C-5CBCBFCBC7E2}.Debug|Any CPU.ActiveCfg = Debug|Any CPU
		{8F340DF3-2096-4FE5-8F4C-5CBCBFCBC7E2}.Debug|Any CPU.Build.0 = Debug|Any CPU
		{8F340DF3-2096-4FE5-8F4C-5CBCBFCBC7E2}.Release|Any CPU.ActiveCfg = Release|Any CPU
		{8F340DF3-2096-4FE5-8F4C-5CBCBFCBC7E2}.Release|Any CPU.Build.0 = Release|Any CPU
		{68A8AF7F-107D-4F9F-A5FB-1D6DA42F3336}.Debug|Any CPU.ActiveCfg = Debug|Any CPU
		{68A8AF7F-107D-4F9F-A5FB-1D6DA42F3336}.Debug|Any CPU.Build.0 = Debug|Any CPU
		{68A8AF7F-107D-4F9F-A5FB-1D6DA42F3336}.Release|Any CPU.ActiveCfg = Release|Any CPU
		{68A8AF7F-107D-4F9F-A5FB-1D6DA42F3336}.Release|Any CPU.Build.0 = Release|Any CPU
	EndGlobalSection
	GlobalSection(SolutionProperties) = preSolution
		HideSolutionNode = FALSE
	EndGlobalSection
	GlobalSection(ExtensibilityGlobals) = postSolution
		SolutionGuid = {E590EEC3-2CDB-443A-8F39-FCE4CA4D9EC2}
	EndGlobalSection
EndGlobal
